
Microsoft Visual Studio Solution File, Format Version 12.00
# Visual Studio 15
VisualStudioVersion = 15.0.28307.960
MinimumVisualStudioVersion = 10.0.40219.1
Project("{FAE04EC0-301F-11D3-BF4B-00C04F79EFBC}") = "MyEvernote.WebApp", "MyEvernote.WebApp\MyEvernote.WebApp.csproj", "{8EE0E1AE-665A-491F-8998-D5DDD9D80AAC}"
EndProject
Project("{FAE04EC0-301F-11D3-BF4B-00C04F79EFBC}") = "MyEvernote.Bll", "MyEvernote.Bll\MyEvernote.Bll.csproj", "{DFF6EB13-FDF3-4E13-B902-36F28D6E2DD3}"
EndProject
Project("{FAE04EC0-301F-11D3-BF4B-00C04F79EFBC}") = "MyEvernote.Dal", "MyEvernote.Dal\MyEvernote.Dal.csproj", "{5005B9B7-6BA4-4E2C-970F-5D408C14393A}"
EndProject
Project("{FAE04EC0-301F-11D3-BF4B-00C04F79EFBC}") = "MyEvernote.Entities", "MyEvernote.Entities\MyEvernote.Entities.csproj", "{9B98F0F2-2505-47D1-A44E-AE68C1E11D40}"
EndProject
Project("{FAE04EC0-301F-11D3-BF4B-00C04F79EFBC}") = "MyEvernote.Common", "MyEvernote.Common\MyEvernote.Common.csproj", "{FBE8BD38-B792-45D6-8D4C-C353CE443F41}"
EndProject
Global
	GlobalSection(SolutionConfigurationPlatforms) = preSolution
		Debug|Any CPU = Debug|Any CPU
		Release|Any CPU = Release|Any CPU
	EndGlobalSection
	GlobalSection(ProjectConfigurationPlatforms) = postSolution
		{8EE0E1AE-665A-491F-8998-D5DDD9D80AAC}.Debug|Any CPU.ActiveCfg = Debug|Any CPU
		{8EE0E1AE-665A-491F-8998-D5DDD9D80AAC}.Debug|Any CPU.Build.0 = Debug|Any CPU
		{8EE0E1AE-665A-491F-8998-D5DDD9D80AAC}.Release|Any CPU.ActiveCfg = Release|Any CPU
		{8EE0E1AE-665A-491F-8998-D5DDD9D80AAC}.Release|Any CPU.Build.0 = Release|Any CPU
		{DFF6EB13-FDF3-4E13-B902-36F28D6E2DD3}.Debug|Any CPU.ActiveCfg = Debug|Any CPU
		{DFF6EB13-FDF3-4E13-B902-36F28D6E2DD3}.Debug|Any CPU.Build.0 = Debug|Any CPU
		{DFF6EB13-FDF3-4E13-B902-36F28D6E2DD3}.Release|Any CPU.ActiveCfg = Release|Any CPU
		{DFF6EB13-FDF3-4E13-B902-36F28D6E2DD3}.Release|Any CPU.Build.0 = Release|Any CPU
		{5005B9B7-6BA4-4E2C-970F-5D408C14393A}.Debug|Any CPU.ActiveCfg = Debug|Any CPU
		{5005B9B7-6BA4-4E2C-970F-5D408C14393A}.Debug|Any CPU.Build.0 = Debug|Any CPU
		{5005B9B7-6BA4-4E2C-970F-5D408C14393A}.Release|Any CPU.ActiveCfg = Release|Any CPU
		{5005B9B7-6BA4-4E2C-970F-5D408C14393A}.Release|Any CPU.Build.0 = Release|Any CPU
		{9B98F0F2-2505-47D1-A44E-AE68C1E11D40}.Debug|Any CPU.ActiveCfg = Debug|Any CPU
		{9B98F0F2-2505-47D1-A44E-AE68C1E11D40}.Debug|Any CPU.Build.0 = Debug|Any CPU
		{9B98F0F2-2505-47D1-A44E-AE68C1E11D40}.Release|Any CPU.ActiveCfg = Release|Any CPU
		{9B98F0F2-2505-47D1-A44E-AE68C1E11D40}.Release|Any CPU.Build.0 = Release|Any CPU
		{FBE8BD38-B792-45D6-8D4C-C353CE443F41}.Debug|Any CPU.ActiveCfg = Debug|Any CPU
		{FBE8BD38-B792-45D6-8D4C-C353CE443F41}.Debug|Any CPU.Build.0 = Debug|Any CPU
		{FBE8BD38-B792-45D6-8D4C-C353CE443F41}.Release|Any CPU.ActiveCfg = Release|Any CPU
		{FBE8BD38-B792-45D6-8D4C-C353CE443F41}.Release|Any CPU.Build.0 = Release|Any CPU
	EndGlobalSection
	GlobalSection(SolutionProperties) = preSolution
		HideSolutionNode = FALSE
	EndGlobalSection
	GlobalSection(ExtensibilityGlobals) = postSolution
		SolutionGuid = {B942316A-E7C2-48D9-8406-F18DAFF8B2E1}
	EndGlobalSection
EndGlobal
